{
  "name": "aiyou",
  "version": "1.0.0",
  "lockfileVersion": 3,
  "requires": true,
  "packages": {
    "": {
      "name": "aiyou",
      "version": "1.0.0",
      "license": "ISC",
      "dependencies": {
        "@vant/weapp": "^1.10.23",
        "vant-weapp": "^0.5.29"
      }
    },
    "node_modules/@vant/weapp": {
      "version": "1.10.23",
      "resolved": "https://registry.npmjs.org/@vant/weapp/-/weapp-1.10.23.tgz",
      "integrity": "sha512-Lqlc0oT89AxR8e4uLmP59xkI1KkWSTWKWV9kXM17CJz55eL0fPMo5jd0d132KpcfRmiwIOVr7TwK8u8v6XIhlg=="
    },
    "node_modules/vant-weapp": {
      "version": "0.5.29",
      "resolved": "https://registry.npmjs.org/vant-weapp/-/vant-weapp-0.5.29.tgz",
      "integrity": "sha512-RMc0Ga914XFwspw2WuOMU8bOHlIkua8X1DoQ/KPnGQzjwT1uEL4S7W186EmaHF1wN2krB9BVd0LdRRt39dGh6Q=="
    }
  }
}
